{
    "_readme": [
        "This file locks the dependencies of your project to a known state",
        "Read more about it at https://getcomposer.org/doc/01-basic-usage.md#installing-dependencies",
        "This file is @generated automatically"
    ],
    "content-hash": "e2b65caeb3dcc1e783fce87ef9429804",
    "packages": [
        {
            "name": "asmblah/php-code-shift",
            "version": "v0.1.0",
            "source": {
                "type": "git",
                "url": "https://github.com/asmblah/php-code-shift.git",
                "reference": "dcaeb2ecabbd091363f308db3168c6af9b1039b1"
            },
            "dist": {
                "type": "zip",
                "url": "https://api.github.com/repos/asmblah/php-code-shift/zipball/dcaeb2ecabbd091363f308db3168c6af9b1039b1",
                "reference": "dcaeb2ecabbd091363f308db3168c6af9b1039b1",
                "shasum": ""
            },
            "require": {
                "nikic/php-parser": "^4.16",
                "php": ">=8.1"
            },
            "require-dev": {
                "mockery/mockery": "^1.6",
                "phpstan/phpstan": "^1.10",
                "phpstan/phpstan-mockery": "^1.1",
                "phpunit/phpunit": "^10.2"
            },
            "type": "project",
            "autoload": {
                "files": [
                    "src/bootstrap.php"
                ],
                "psr-4": {
                    "Asmblah\\PhpCodeShift\\": "src/"
                }
            },
            "notification-url": "https://packagist.org/downloads/",
            "license": [
                "MIT"
            ],
            "support": {
                "issues": "https://github.com/asmblah/php-code-shift/issues",
                "source": "https://github.com/asmblah/php-code-shift/tree/v0.1.0"
            },
            "time": "2023-10-26T22:32:31+00:00"
        },
        {
            "name": "nikic/php-parser",
            "version": "4.x-dev",
            "source": {
                "type": "git",
                "url": "https://github.com/nikic/PHP-Parser.git",
                "reference": "54103d838734be0499172026525e38cbf6af2711"
            },
            "dist": {
                "type": "zip",
                "url": "https://api.github.com/repos/nikic/PHP-Parser/zipball/54103d838734be0499172026525e38cbf6af2711",
                "reference": "54103d838734be0499172026525e38cbf6af2711",
                "shasum": ""
            },
            "require": {
                "ext-tokenizer": "*",
                "php": ">=7.0"
            },
            "require-dev": {
                "ircmaxell/php-yacc": "^0.0.7",
                "phpunit/phpunit": "^6.5 || ^7.0 || ^8.0 || ^9.0"
            },
            "bin": [
                "bin/php-parse"
            ],
            "type": "library",
            "extra": {
                "branch-alias": {
                    "dev-master": "4.9-dev"
                }
            },
            "autoload": {
                "psr-4": {
                    "PhpParser\\": "lib/PhpParser"
                }
            },
            "notification-url": "https://packagist.org/downloads/",
            "license": [
                "BSD-3-Clause"
            ],
            "authors": [
                {
                    "name": "Nikita Popov"
                }
            ],
            "description": "A PHP parser written in PHP",
            "keywords": [
                "parser",
                "php"
            ],
            "support": {
                "issues": "https://github.com/nikic/PHP-Parser/issues",
                "source": "https://github.com/nikic/PHP-Parser/tree/4.x"
            },
            "time": "2023-10-03T21:00:18+00:00"
        },
        {
            "name": "nytris/nytris",
            "version": "dev-main",
            "source": {
                "type": "git",
                "url": "https://github.com/nytris/nytris.git",
                "reference": "7d7068d326afeefb370ad71b9c250b4f228d11f4"
            },
            "dist": {
                "type": "zip",
                "url": "https://api.github.com/repos/nytris/nytris/zipball/7d7068d326afeefb370ad71b9c250b4f228d11f4",
                "reference": "7d7068d326afeefb370ad71b9c250b4f228d11f4",
                "shasum": ""
            },
            "require": {
                "php": ">=8.1"
            },
            "require-dev": {
                "mockery/mockery": "^1.6",
                "phpstan/phpstan": "^1.10",
                "phpstan/phpstan-mockery": "^1.1",
                "phpunit/phpunit": "^10.2"
            },
            "default-branch": true,
            "type": "project",
            "autoload": {
                "files": [
                    "src/bootstrap.php"
                ],
                "psr-4": {
                    "Nytris\\": "src/"
                }
            },
            "notification-url": "https://packagist.org/downloads/",
            "license": [
                "MIT"
            ],
            "support": {
                "issues": "https://github.com/nytris/nytris/issues",
                "source": "https://github.com/nytris/nytris/tree/main"
            },
            "time": "2023-10-30T02:50:18+00:00"
        },
        {
            "name": "tasque/tasque",
            "version": "dev-main",
            "source": {
                "type": "git",
                "url": "https://github.com/nytris/tasque.git",
                "reference": "55d80fcc9bf78f4db7393cb4b68ea71cf5f0e658"
            },
            "dist": {
                "type": "zip",
                "url": "https://api.github.com/repos/nytris/tasque/zipball/55d80fcc9bf78f4db7393cb4b68ea71cf5f0e658",
                "reference": "55d80fcc9bf78f4db7393cb4b68ea71cf5f0e658",
                "shasum": ""
            },
            "require": {
                "asmblah/php-code-shift": "^0.1",
                "nytris/nytris": "dev-main",
                "php": ">=8.1"
            },
            "require-dev": {
                "mockery/mockery": "^1.6",
                "phpstan/phpstan": "^1.10",
                "phpstan/phpstan-mockery": "^1.1",
                "phpunit/phpunit": "^10.2"
            },
            "default-branch": true,
            "type": "project",
            "autoload": {
                "psr-4": {
                    "Tasque\\": "src/"
                }
            },
            "notification-url": "https://packagist.org/downloads/",
            "license": [
                "MIT"
            ],
            "support": {
                "issues": "https://github.com/nytris/tasque/issues",
                "source": "https://github.com/nytris/tasque/tree/main"
            },
            "time": "2023-10-30T03:05:32+00:00"
        }
    ],
    "packages-dev": [],
    "aliases": [],
    "minimum-stability": "dev",
    "stability-flags": {
        "tasque/tasque": 20
    },
    "prefer-stable": false,
    "prefer-lowest": false,
    "platform": {
        "php": ">=8.1"
    },
    "platform-dev": [],
    "platform-overrides": {
        "php": "8.1"
    },
    "plugin-api-version": "2.6.0"
}
